// !$*UTF8*$!
{
	archiveVersion = 1;
	classes = {
	};
	objectVersion = 46;
	objects = {

/* Begin PBXBuildFile section */
		AC374ADA1BCDF17E00051A69 /* Mat4.swift in Sources */ = {isa = PBXBuildFile; fileRef = AC374AD91BCDF17E00051A69 /* Mat4.swift */; settings = {ASSET_TAGS = (); }; };
		AC4131581B994980004D2931 /* AppDelegate.swift in Sources */ = {isa = PBXBuildFile; fileRef = AC4131571B994980004D2931 /* AppDelegate.swift */; };
		AC41315A1B994980004D2931 /* GameViewController.swift in Sources */ = {isa = PBXBuildFile; fileRef = AC4131591B994980004D2931 /* GameViewController.swift */; };
		AC41315C1B994980004D2931 /* BasicShaders.metal in Sources */ = {isa = PBXBuildFile; fileRef = AC41315B1B994980004D2931 /* BasicShaders.metal */; };
		AC41315E1B994980004D2931 /* Assets.xcassets in Resources */ = {isa = PBXBuildFile; fileRef = AC41315D1B994980004D2931 /* Assets.xcassets */; };
		AC4131611B994980004D2931 /* MainMenu.xib in Resources */ = {isa = PBXBuildFile; fileRef = AC41315F1B994980004D2931 /* MainMenu.xib */; };
		AC4131691B9949C3004D2931 /* Cube.swift in Sources */ = {isa = PBXBuildFile; fileRef = AC4131681B9949C3004D2931 /* Cube.swift */; settings = {ASSET_TAGS = (); }; };
		AC41316B1B9949CF004D2931 /* Vector3.swift in Sources */ = {isa = PBXBuildFile; fileRef = AC41316A1B9949CF004D2931 /* Vector3.swift */; settings = {ASSET_TAGS = (); }; };
		AC41316D1B9949E5004D2931 /* Node.swift in Sources */ = {isa = PBXBuildFile; fileRef = AC41316C1B9949E5004D2931 /* Node.swift */; settings = {ASSET_TAGS = (); }; };
		AC41316F1B9949F9004D2931 /* Vertex.swift in Sources */ = {isa = PBXBuildFile; fileRef = AC41316E1B9949F9004D2931 /* Vertex.swift */; settings = {ASSET_TAGS = (); }; };
		AC4AED831BD0F1A700A6311F /* AxisMesh.swift in Sources */ = {isa = PBXBuildFile; fileRef = AC4AED821BD0F1A700A6311F /* AxisMesh.swift */; settings = {ASSET_TAGS = (); }; };
		AC4AED871BD0FD7600A6311F /* axis.obj in Resources */ = {isa = PBXBuildFile; fileRef = AC4AED861BD0FD7600A6311F /* axis.obj */; settings = {ASSET_TAGS = (); }; };
		AC64C0A31BD1F49D00189DBA /* colorAtlas.png in Resources */ = {isa = PBXBuildFile; fileRef = AC64C0A21BD1F49D00189DBA /* colorAtlas.png */; settings = {ASSET_TAGS = (); }; };
		AC9578F01BCF526E00494BA1 /* Grid.swift in Sources */ = {isa = PBXBuildFile; fileRef = AC9578EF1BCF526E00494BA1 /* Grid.swift */; settings = {ASSET_TAGS = (); }; };
		ACAAFB611BD3981B00CB4CCC /* KeyCode.swift in Sources */ = {isa = PBXBuildFile; fileRef = ACAAFB601BD3981B00CB4CCC /* KeyCode.swift */; settings = {ASSET_TAGS = (); }; };
		ACAAFB631BD3ABDF00CB4CCC /* GioMetalApplication.swift in Sources */ = {isa = PBXBuildFile; fileRef = ACAAFB621BD3ABDF00CB4CCC /* GioMetalApplication.swift */; settings = {ASSET_TAGS = (); }; };
		ACB15A6E1B9C086B003ACCA1 /* GameView.swift in Sources */ = {isa = PBXBuildFile; fileRef = ACB15A6D1B9C086B003ACCA1 /* GameView.swift */; settings = {ASSET_TAGS = (); }; };
		ACB15A701B9C1855003ACCA1 /* Input.swift in Sources */ = {isa = PBXBuildFile; fileRef = ACB15A6F1B9C1855003ACCA1 /* Input.swift */; settings = {ASSET_TAGS = (); }; };
		ACD36A1C1BD091DE009AAA97 /* MTMath.swift in Sources */ = {isa = PBXBuildFile; fileRef = ACD36A1B1BD091DE009AAA97 /* MTMath.swift */; settings = {ASSET_TAGS = (); }; };
		ACD36A231BD0982D009AAA97 /* testBox.png in Resources */ = {isa = PBXBuildFile; fileRef = ACD36A211BD0982D009AAA97 /* testBox.png */; settings = {ASSET_TAGS = (); }; };
		ACD36A241BD0982D009AAA97 /* white.png in Resources */ = {isa = PBXBuildFile; fileRef = ACD36A221BD0982D009AAA97 /* white.png */; settings = {ASSET_TAGS = (); }; };
/* End PBXBuildFile section */

/* Begin PBXFileReference section */
		AC374AD91BCDF17E00051A69 /* Mat4.swift */ = {isa = PBXFileReference; fileEncoding = 4; lastKnownFileType = sourcecode.swift; path = Mat4.swift; sourceTree = "<group>"; };
		AC4131541B994980004D2931 /* GioMetal.app */ = {isa = PBXFileReference; explicitFileType = wrapper.application; includeInIndex = 0; path = GioMetal.app; sourceTree = BUILT_PRODUCTS_DIR; };
		AC4131571B994980004D2931 /* AppDelegate.swift */ = {isa = PBXFileReference; lastKnownFileType = sourcecode.swift; path = AppDelegate.swift; sourceTree = "<group>"; };
		AC4131591B994980004D2931 /* GameViewController.swift */ = {isa = PBXFileReference; lastKnownFileType = sourcecode.swift; path = GameViewController.swift; sourceTree = "<group>"; };
		AC41315B1B994980004D2931 /* BasicShaders.metal */ = {isa = PBXFileReference; lastKnownFileType = sourcecode.metal; name = BasicShaders.metal; path = GioMetal/Shaders/BasicShaders.metal; sourceTree = SOURCE_ROOT; };
		AC41315D1B994980004D2931 /* Assets.xcassets */ = {isa = PBXFileReference; lastKnownFileType = folder.assetcatalog; path = Assets.xcassets; sourceTree = "<group>"; };
		AC4131601B994980004D2931 /* Base */ = {isa = PBXFileReference; lastKnownFileType = file.xib; name = Base; path = Base.lproj/MainMenu.xib; sourceTree = "<group>"; };
		AC4131621B994980004D2931 /* Info.plist */ = {isa = PBXFileReference; lastKnownFileType = text.plist.xml; path = Info.plist; sourceTree = "<group>"; };
		AC4131681B9949C3004D2931 /* Cube.swift */ = {isa = PBXFileReference; fileEncoding = 4; lastKnownFileType = sourcecode.swift; path = Cube.swift; sourceTree = "<group>"; };
		AC41316A1B9949CF004D2931 /* Vector3.swift */ = {isa = PBXFileReference; fileEncoding = 4; lastKnownFileType = sourcecode.swift; path = Vector3.swift; sourceTree = "<group>"; };
		AC41316C1B9949E5004D2931 /* Node.swift */ = {isa = PBXFileReference; fileEncoding = 4; lastKnownFileType = sourcecode.swift; path = Node.swift; sourceTree = "<group>"; };
		AC41316E1B9949F9004D2931 /* Vertex.swift */ = {isa = PBXFileReference; fileEncoding = 4; lastKnownFileType = sourcecode.swift; path = Vertex.swift; sourceTree = "<group>"; };
		AC4AED821BD0F1A700A6311F /* AxisMesh.swift */ = {isa = PBXFileReference; fileEncoding = 4; lastKnownFileType = sourcecode.swift; path = AxisMesh.swift; sourceTree = "<group>"; };
		AC4AED861BD0FD7600A6311F /* axis.obj */ = {isa = PBXFileReference; fileEncoding = 4; lastKnownFileType = text; path = axis.obj; sourceTree = "<group>"; };
		AC64C0A21BD1F49D00189DBA /* colorAtlas.png */ = {isa = PBXFileReference; lastKnownFileType = image.png; path = colorAtlas.png; sourceTree = "<group>"; };
		AC9578EF1BCF526E00494BA1 /* Grid.swift */ = {isa = PBXFileReference; fileEncoding = 4; lastKnownFileType = sourcecode.swift; path = Grid.swift; sourceTree = "<group>"; };
		ACAAFB601BD3981B00CB4CCC /* KeyCode.swift */ = {isa = PBXFileReference; fileEncoding = 4; lastKnownFileType = sourcecode.swift; path = KeyCode.swift; sourceTree = "<group>"; };
		ACAAFB621BD3ABDF00CB4CCC /* GioMetalApplication.swift */ = {isa = PBXFileReference; fileEncoding = 4; lastKnownFileType = sourcecode.swift; path = GioMetalApplication.swift; sourceTree = "<group>"; };
		ACB15A6D1B9C086B003ACCA1 /* GameView.swift */ = {isa = PBXFileReference; fileEncoding = 4; lastKnownFileType = sourcecode.swift; path = GameView.swift; sourceTree = "<group>"; };
		ACB15A6F1B9C1855003ACCA1 /* Input.swift */ = {isa = PBXFileReference; fileEncoding = 4; lastKnownFileType = sourcecode.swift; path = Input.swift; sourceTree = "<group>"; };
		ACD36A1B1BD091DE009AAA97 /* MTMath.swift */ = {isa = PBXFileReference; fileEncoding = 4; lastKnownFileType = sourcecode.swift; path = MTMath.swift; sourceTree = "<group>"; };
		ACD36A211BD0982D009AAA97 /* testBox.png */ = {isa = PBXFileReference; lastKnownFileType = image.png; path = testBox.png; sourceTree = "<group>"; };
		ACD36A221BD0982D009AAA97 /* white.png */ = {isa = PBXFileReference; lastKnownFileType = image.png; path = white.png; sourceTree = "<group>"; };
/* End PBXFileReference section */

/* Begin PBXFrameworksBuildPhase section */
		AC4131511B994980004D2931 /* Frameworks */ = {
			isa = PBXFrameworksBuildPhase;
			buildActionMask = 2147483647;
			files = (
			);
			runOnlyForDeploymentPostprocessing = 0;
		};
/* End PBXFrameworksBuildPhase section */

/* Begin PBXGroup section */
		AC41314B1B994980004D2931 = {
			isa = PBXGroup;
			children = (
				AC4131561B994980004D2931 /* GioMetal */,
				AC4131551B994980004D2931 /* Products */,
			);
			sourceTree = "<group>";
		};
		AC4131551B994980004D2931 /* Products */ = {
			isa = PBXGroup;
			children = (
				AC4131541B994980004D2931 /* GioMetal.app */,
			);
			name = Products;
			sourceTree = "<group>";
		};
		AC4131561B994980004D2931 /* GioMetal */ = {
			isa = PBXGroup;
			children = (
				AC4AED861BD0FD7600A6311F /* axis.obj */,
				ACD36A1F1BD0951D009AAA97 /* Math */,
				ACD36A1E1BD09400009AAA97 /* Shaders */,
				ACD36A201BD09817009AAA97 /* Textures */,
				AC4131571B994980004D2931 /* AppDelegate.swift */,
				AC4131591B994980004D2931 /* GameViewController.swift */,
				ACB15A6D1B9C086B003ACCA1 /* GameView.swift */,
				ACB15A6F1B9C1855003ACCA1 /* Input.swift */,
				AC41315D1B994980004D2931 /* Assets.xcassets */,
				AC41315F1B994980004D2931 /* MainMenu.xib */,
				AC4131621B994980004D2931 /* Info.plist */,
				AC4131681B9949C3004D2931 /* Cube.swift */,
				AC9578EF1BCF526E00494BA1 /* Grid.swift */,
				AC41316C1B9949E5004D2931 /* Node.swift */,
				AC41316E1B9949F9004D2931 /* Vertex.swift */,
				AC4AED821BD0F1A700A6311F /* AxisMesh.swift */,
				ACAAFB601BD3981B00CB4CCC /* KeyCode.swift */,
				ACAAFB621BD3ABDF00CB4CCC /* GioMetalApplication.swift */,
			);
			path = GioMetal;
			sourceTree = "<group>";
		};
		ACD36A1E1BD09400009AAA97 /* Shaders */ = {
			isa = PBXGroup;
			children = (
				AC41315B1B994980004D2931 /* BasicShaders.metal */,
			);
			path = Shaders;
			sourceTree = "<group>";
		};
		ACD36A1F1BD0951D009AAA97 /* Math */ = {
			isa = PBXGroup;
			children = (
				ACD36A1B1BD091DE009AAA97 /* MTMath.swift */,
				AC374AD91BCDF17E00051A69 /* Mat4.swift */,
				AC41316A1B9949CF004D2931 /* Vector3.swift */,
			);
			path = Math;
			sourceTree = "<group>";
		};
		ACD36A201BD09817009AAA97 /* Textures */ = {
			isa = PBXGroup;
			children = (
				AC64C0A21BD1F49D00189DBA /* colorAtlas.png */,
				ACD36A211BD0982D009AAA97 /* testBox.png */,
				ACD36A221BD0982D009AAA97 /* white.png */,
			);
			path = Textures;
			sourceTree = "<group>";
		};
/* End PBXGroup section */

/* Begin PBXNativeTarget section */
		AC4131531B994980004D2931 /* GioMetal */ = {
			isa = PBXNativeTarget;
			buildConfigurationList = AC4131651B994980004D2931 /* Build configuration list for PBXNativeTarget "GioMetal" */;
			buildPhases = (
				AC4131501B994980004D2931 /* Sources */,
				AC4131511B994980004D2931 /* Frameworks */,
				AC4131521B994980004D2931 /* Resources */,
			);
			buildRules = (
			);
			dependencies = (
			);
			name = GioMetal;
			productName = GioMetal;
			productReference = AC4131541B994980004D2931 /* GioMetal.app */;
			productType = "com.apple.product-type.application";
		};
/* End PBXNativeTarget section */

/* Begin PBXProject section */
		AC41314C1B994980004D2931 /* Project object */ = {
			isa = PBXProject;
			attributes = {
				LastUpgradeCheck = 0700;
				ORGANIZATIONNAME = "Giovanni Sabella";
				TargetAttributes = {
					AC4131531B994980004D2931 = {
						CreatedOnToolsVersion = 7.0;
					};
				};
			};
			buildConfigurationList = AC41314F1B994980004D2931 /* Build configuration list for PBXProject "GioMetal" */;
			compatibilityVersion = "Xcode 3.2";
			developmentRegion = English;
			hasScannedForEncodings = 0;
			knownRegions = (
				en,
				Base,
			);
			mainGroup = AC41314B1B994980004D2931;
			productRefGroup = AC4131551B994980004D2931 /* Products */;
			projectDirPath = "";
			projectRoot = "";
			targets = (
				AC4131531B994980004D2931 /* GioMetal */,
			);
		};
/* End PBXProject section */

/* Begin PBXResourcesBuildPhase section */
		AC4131521B994980004D2931 /* Resources */ = {
			isa = PBXResourcesBuildPhase;
			buildActionMask = 2147483647;
			files = (
				AC4AED871BD0FD7600A6311F /* axis.obj in Resources */,
				ACD36A231BD0982D009AAA97 /* testBox.png in Resources */,
				AC64C0A31BD1F49D00189DBA /* colorAtlas.png in Resources */,
				AC41315E1B994980004D2931 /* Assets.xcassets in Resources */,
				AC4131611B994980004D2931 /* MainMenu.xib in Resources */,
				ACD36A241BD0982D009AAA97 /* white.png in Resources */,
			);
			runOnlyForDeploymentPostprocessing = 0;
		};
/* End PBXResourcesBuildPhase section */

/* Begin PBXSourcesBuildPhase section */
		AC4131501B994980004D2931 /* Sources */ = {
			isa = PBXSourcesBuildPhase;
			buildActionMask = 2147483647;
			files = (
				ACB15A701B9C1855003ACCA1 /* Input.swift in Sources */,
				AC4131691B9949C3004D2931 /* Cube.swift in Sources */,
				AC41315C1B994980004D2931 /* BasicShaders.metal in Sources */,
				AC41315A1B994980004D2931 /* GameViewController.swift in Sources */,
				ACAAFB611BD3981B00CB4CCC /* KeyCode.swift in Sources */,
				AC4AED831BD0F1A700A6311F /* AxisMesh.swift in Sources */,
				AC41316D1B9949E5004D2931 /* Node.swift in Sources */,
				AC374ADA1BCDF17E00051A69 /* Mat4.swift in Sources */,
				ACB15A6E1B9C086B003ACCA1 /* GameView.swift in Sources */,
				AC41316B1B9949CF004D2931 /* Vector3.swift in Sources */,
				AC41316F1B9949F9004D2931 /* Vertex.swift in Sources */,
				AC4131581B994980004D2931 /* AppDelegate.swift in Sources */,
				ACD36A1C1BD091DE009AAA97 /* MTMath.swift in Sources */,
				ACAAFB631BD3ABDF00CB4CCC /* GioMetalApplication.swift in Sources */,
				AC9578F01BCF526E00494BA1 /* Grid.swift in Sources */,
			);
			runOnlyForDeploymentPostprocessing = 0;
		};
/* End PBXSourcesBuildPhase section */

/* Begin PBXVariantGroup section */
		AC41315F1B994980004D2931 /* MainMenu.xib */ = {
			isa = PBXVariantGroup;
			children = (
				AC4131601B994980004D2931 /* Base */,
			);
			name = MainMenu.xib;
			sourceTree = "<group>";
		};
/* End PBXVariantGroup section */

/* Begin XCBuildConfiguration section */
		AC4131631B994980004D2931 /* Debug */ = {
			isa = XCBuildConfiguration;
			buildSettings = {
				ALWAYS_SEARCH_USER_PATHS = NO;
				CLANG_CXX_LANGUAGE_STANDARD = "gnu++0x";
				CLANG_CXX_LIBRARY = "libc++";
				CLANG_ENABLE_MODULES = YES;
				CLANG_ENABLE_OBJC_ARC = YES;
				CLANG_WARN_BOOL_CONVERSION = YES;
				CLANG_WARN_CONSTANT_CONVERSION = YES;
				CLANG_WARN_DIRECT_OBJC_ISA_USAGE = YES_ERROR;
				CLANG_WARN_EMPTY_BODY = YES;
				CLANG_WARN_ENUM_CONVERSION = YES;
				CLANG_WARN_INT_CONVERSION = YES;
				CLANG_WARN_OBJC_ROOT_CLASS = YES_ERROR;
				CLANG_WARN_UNREACHABLE_CODE = YES;
				CLANG_WARN__DUPLICATE_METHOD_MATCH = YES;
				CODE_SIGN_IDENTITY = "-";
				COPY_PHASE_STRIP = NO;
				DEBUG_INFORMATION_FORMAT = "dwarf-with-dsym";
				ENABLE_STRICT_OBJC_MSGSEND = YES;
				ENABLE_TESTABILITY = YES;
				GCC_C_LANGUAGE_STANDARD = gnu99;
				GCC_DYNAMIC_NO_PIC = NO;
				GCC_NO_COMMON_BLOCKS = YES;
				GCC_OPTIMIZATION_LEVEL = 0;
				GCC_PREPROCESSOR_DEFINITIONS = (
					"DEBUG=1",
					"$(inherited)",
				);
				GCC_WARN_64_TO_32_BIT_CONVERSION = YES;
				GCC_WARN_ABOUT_RETURN_TYPE = YES_ERROR;
				GCC_WARN_UNDECLARED_SELECTOR = YES;
				GCC_WARN_UNINITIALIZED_AUTOS = YES_AGGRESSIVE;
				GCC_WARN_UNUSED_FUNCTION = YES;
				GCC_WARN_UNUSED_VARIABLE = YES;
				MACOSX_DEPLOYMENT_TARGET = 10.11;
				MTL_ENABLE_DEBUG_INFO = YES;
				ONLY_ACTIVE_ARCH = YES;
				SDKROOT = macosx;
				SWIFT_OPTIMIZATION_LEVEL = "-Onone";
			};
			name = Debug;
		};
		AC4131641B994980004D2931 /* Release */ = {
			isa = XCBuildConfiguration;
			buildSettings = {
				ALWAYS_SEARCH_USER_PATHS = NO;
				CLANG_CXX_LANGUAGE_STANDARD = "gnu++0x";
				CLANG_CXX_LIBRARY = "libc++";
				CLANG_ENABLE_MODULES = YES;
				CLANG_ENABLE_OBJC_ARC = YES;
				CLANG_WARN_BOOL_CONVERSION = YES;
				CLANG_WARN_CONSTANT_CONVERSION = YES;
				CLANG_WARN_DIRECT_OBJC_ISA_USAGE = YES_ERROR;
				CLANG_WARN_EMPTY_BODY = YES;
				CLANG_WARN_ENUM_CONVERSION = YES;
				CLANG_WARN_INT_CONVERSION = YES;
				CLANG_WARN_OBJC_ROOT_CLASS = YES_ERROR;
				CLANG_WARN_UNREACHABLE_CODE = YES;
				CLANG_WARN__DUPLICATE_METHOD_MATCH = YES;
				CODE_SIGN_IDENTITY = "-";
				COPY_PHASE_STRIP = NO;
				DEBUG_INFORMATION_FORMAT = "dwarf-with-dsym";
				ENABLE_NS_ASSERTIONS = NO;
				ENABLE_STRICT_OBJC_MSGSEND = YES;
				GCC_C_LANGUAGE_STANDARD = gnu99;
				GCC_NO_COMMON_BLOCKS = YES;
				GCC_WARN_64_TO_32_BIT_CONVERSION = YES;
				GCC_WARN_ABOUT_RETURN_TYPE = YES_ERROR;
				GCC_WARN_UNDECLARED_SELECTOR = YES;
				GCC_WARN_UNINITIALIZED_AUTOS = YES_AGGRESSIVE;
				GCC_WARN_UNUSED_FUNCTION = YES;
				GCC_WARN_UNUSED_VARIABLE = YES;
				MACOSX_DEPLOYMENT_TARGET = 10.11;
				MTL_ENABLE_DEBUG_INFO = NO;
				SDKROOT = macosx;
			};
			name = Release;
		};
		AC4131661B994980004D2931 /* Debug */ = {
			isa = XCBuildConfiguration;
			buildSettings = {
				ASSETCATALOG_COMPILER_APPICON_NAME = AppIcon;
				COMBINE_HIDPI_IMAGES = YES;
				INFOPLIST_FILE = GioMetal/Info.plist;
				LD_RUNPATH_SEARCH_PATHS = "$(inherited) @executable_path/../Frameworks";
				PRODUCT_BUNDLE_IDENTIFIER = com.giometric.GioMetal;
				PRODUCT_NAME = "$(TARGET_NAME)";
				SWIFT_OBJC_BRIDGING_HEADER = "";
			};
			name = Debug;
		};
		AC4131671B994980004D2931 /* Release */ = {
			isa = XCBuildConfiguration;
			buildSettings = {
				ASSETCATALOG_COMPILER_APPICON_NAME = AppIcon;
				COMBINE_HIDPI_IMAGES = YES;
				INFOPLIST_FILE = GioMetal/Info.plist;
				LD_RUNPATH_SEARCH_PATHS = "$(inherited) @executable_path/../Frameworks";
				PRODUCT_BUNDLE_IDENTIFIER = com.giometric.GioMetal;
				PRODUCT_NAME = "$(TARGET_NAME)";
				SWIFT_OBJC_BRIDGING_HEADER = "";
			};
			name = Release;
		};
/* End XCBuildConfiguration section */

/* Begin XCConfigurationList section */
		AC41314F1B994980004D2931 /* Build configuration list for PBXProject "GioMetal" */ = {
			isa = XCConfigurationList;
			buildConfigurations = (
				AC4131631B994980004D2931 /* Debug */,
				AC4131641B994980004D2931 /* Release */,
			);
			defaultConfigurationIsVisible = 0;
			defaultConfigurationName = Release;
		};
		AC4131651B994980004D2931 /* Build configuration list for PBXNativeTarget "GioMetal" */ = {
			isa = XCConfigurationList;
			buildConfigurations = (
				AC4131661B994980004D2931 /* Debug */,
				AC4131671B994980004D2931 /* Release */,
			);
			defaultConfigurationIsVisible = 0;
			defaultConfigurationName = Release;
		};
/* End XCConfigurationList section */
	};
	rootObject = AC41314C1B994980004D2931 /* Project object */;
}
